
Microsoft Visual Studio Solution File, Format Version 12.00
# Visual Studio Version 17
VisualStudioVersion = 17.14.36511.14 d17.14
MinimumVisualStudioVersion = 10.0.40219.1
Project("{FAE04EC0-301F-11D3-BF4B-00C04F79EFBC}") = "Week3--library", "Week3--library\Week3--library.csproj", "{7D3AC6C6-7F79-465F-9561-5D803142E563}"
EndProject
Global
	GlobalSection(SolutionConfigurationPlatforms) = preSolution
		Debug|Any CPU = Debug|Any CPU
		Release|Any CPU = Release|Any CPU
	EndGlobalSection
	GlobalSection(ProjectConfigurationPlatforms) = postSolution
		{7D3AC6C6-7F79-465F-9561-5D803142E563}.Debug|Any CPU.ActiveCfg = Debug|Any CPU
		{7D3AC6C6-7F79-465F-9561-5D803142E563}.Debug|Any CPU.Build.0 = Debug|Any CPU
		{7D3AC6C6-7F79-465F-9561-5D803142E563}.Release|Any CPU.ActiveCfg = Release|Any CPU
		{7D3AC6C6-7F79-465F-9561-5D803142E563}.Release|Any CPU.Build.0 = Release|Any CPU
	EndGlobalSection
	GlobalSection(SolutionProperties) = preSolution
		HideSolutionNode = FALSE
	EndGlobalSection
	GlobalSection(ExtensibilityGlobals) = postSolution
		SolutionGuid = {C9BAF071-7631-488F-8C4C-868A75A0C323}
	EndGlobalSection
EndGlobal
